
Microsoft Visual Studio Solution File, Format Version 11.00
# Visual Studio 2010
Project("{2150E333-8FDC-42A3-9474-1A3956D46DE8}") = "0000_DOCUMENTS", "0000_DOCUMENTS", "{1BB132FC-7EFB-4FB7-B871-48D662FB1BE6}"
	ProjectSection(SolutionItems) = preProject
		0100_MAIN_IDEA.txt = 0100_MAIN_IDEA.txt
		0200_TODO.txt = 0200_TODO.txt
	EndProjectSection
EndProject
Project("{2150E333-8FDC-42A3-9474-1A3956D46DE8}") = "1000_COMPONENTS", "1000_COMPONENTS", "{F217122F-476A-421C-B0F2-C040826F5311}"
EndProject
Project("{2150E333-8FDC-42A3-9474-1A3956D46DE8}") = "0100_COMPONENTS", "0100_COMPONENTS", "{8F328528-C485-4823-A7CE-2A69D11CBFF8}"
	ProjectSection(SolutionItems) = preProject
		0000_CONFIGURATION.txt = 0000_CONFIGURATION.txt
		0100_FACTORY.txt = 0100_FACTORY.txt
		0200_EVENT_BROKER.txt = 0200_EVENT_BROKER.txt
		0300_SESSION.txt = 0300_SESSION.txt
		0400_STORAGE.txt = 0400_STORAGE.txt
		0500_DIRECTORY.txt = 0500_DIRECTORY.txt
	EndProjectSection
EndProject
Project("{2150E333-8FDC-42A3-9474-1A3956D46DE8}") = "0200_APPLICATIONS", "0200_APPLICATIONS", "{9319368B-4926-4FCB-9A6F-C260F3825187}"
EndProject
Project("{2150E333-8FDC-42A3-9474-1A3956D46DE8}") = "0100_ALGORITHMIC_TRADING", "0100_ALGORITHMIC_TRADING", "{FDFAE95E-CD97-4F05-B42E-D2C83A131F1E}"
	ProjectSection(SolutionItems) = preProject
		0100_IDEA.txt = 0100_IDEA.txt
	EndProjectSection
EndProject
Project("{2150E333-8FDC-42A3-9474-1A3956D46DE8}") = "2000_APPLICATIONS", "2000_APPLICATIONS", "{534FCEBA-32CD-4F3D-9860-EA565888363F}"
EndProject
Project("{2150E333-8FDC-42A3-9474-1A3956D46DE8}") = "FACTORY", "FACTORY", "{B77A4ED7-B462-4867-9D7F-895E7550BA95}"
EndProject
Project("{2150E333-8FDC-42A3-9474-1A3956D46DE8}") = "CONFIGURATION", "CONFIGURATION", "{D434F608-EBF4-4A89-8041-7BD04B9EDA00}"
EndProject
Project("{FAE04EC0-301F-11D3-BF4B-00C04F79EFBC}") = "Configuration.Lib.AppConfig", "Configuration.Lib.AppConfig\Configuration.Lib.AppConfig.csproj", "{54EFDDDF-D5C2-4989-B3C5-1E29EB8E329D}"
EndProject
Project("{FAE04EC0-301F-11D3-BF4B-00C04F79EFBC}") = "Configuration.Shared", "Configuration.Shared\Configuration.Shared.csproj", "{AB851B0F-0DFB-441F-B680-F60C4666229A}"
EndProject
Project("{FAE04EC0-301F-11D3-BF4B-00C04F79EFBC}") = "Factory.Lib", "Factory.Lib\Factory.Lib.csproj", "{5F380922-81DD-432B-9460-078D8550DAA2}"
EndProject
Project("{FAE04EC0-301F-11D3-BF4B-00C04F79EFBC}") = "Configuration.UnitTest", "Configuration.UnitTest\Configuration.UnitTest.csproj", "{134402C3-35EF-4C6B-B5D8-A5677331DA41}"
EndProject
Project("{FAE04EC0-301F-11D3-BF4B-00C04F79EFBC}") = "Factory.SampleLib", "Factory.SampleLib\Factory.SampleLib.csproj", "{6971BCA6-CC26-40E4-8567-6DB12F150B47}"
EndProject
Project("{FAE04EC0-301F-11D3-BF4B-00C04F79EFBC}") = "Factory.SampleLib.Shared", "Factory.SampleLib.Shared\Factory.SampleLib.Shared.csproj", "{44452DA9-E7AD-48BB-8DCD-C72C0C6AA30F}"
EndProject
Project("{FAE04EC0-301F-11D3-BF4B-00C04F79EFBC}") = "Factory.Shared", "Factory.Shared\Factory.Shared.csproj", "{B0A6C900-73B6-429A-AF90-CC2EF93A9122}"
EndProject
Project("{FAE04EC0-301F-11D3-BF4B-00C04F79EFBC}") = "Factory.UnitTest", "Factory.UnitTest\Factory.UnitTest.csproj", "{CFCA05F0-2EE7-4578-B91E-DD064021C09E}"
EndProject
Project("{2150E333-8FDC-42A3-9474-1A3956D46DE8}") = "LOG", "LOG", "{547C8057-1C65-4E9E-A4CC-B936B25981A9}"
EndProject
Project("{2150E333-8FDC-42A3-9474-1A3956D46DE8}") = "SESSION", "SESSION", "{83D5383C-6964-4554-A4DD-FC77D6D0018B}"
EndProject
Project("{2150E333-8FDC-42A3-9474-1A3956D46DE8}") = "STORAGE", "STORAGE", "{4063C4D4-A6C1-495E-83BF-0FD18E73F5E2}"
EndProject
Project("{2150E333-8FDC-42A3-9474-1A3956D46DE8}") = "DIRECTORY", "DIRECTORY", "{96CC9BAB-4CC6-4521-8295-18B8C775BFDA}"
EndProject
Project("{2150E333-8FDC-42A3-9474-1A3956D46DE8}") = "EVENT_BROKER", "EVENT_BROKER", "{DB49C644-93F1-4BF7-8973-BC8AA9302E58}"
EndProject
Project("{FAE04EC0-301F-11D3-BF4B-00C04F79EFBC}") = "Storage.Shared", "Storage.Shared\Storage.Shared.csproj", "{61F96DE7-D15E-4FD2-B3BA-83AA2B7950BC}"
EndProject
Project("{FAE04EC0-301F-11D3-BF4B-00C04F79EFBC}") = "Storage.Files", "Storage.Files\Storage.Files.csproj", "{5506F5B5-D34F-4585-A1F8-D9620325E834}"
EndProject
Project("{FAE04EC0-301F-11D3-BF4B-00C04F79EFBC}") = "Storage.UnitTest", "Storage.UnitTest\Storage.UnitTest.csproj", "{4A25FA6B-7AD5-4362-8E33-9154FC848698}"
EndProject
Project("{2150E333-8FDC-42A3-9474-1A3956D46DE8}") = "ALGORITHMIC_TRADING", "ALGORITHMIC_TRADING", "{FCC8FD48-5528-4B34-B4CC-3041963789F0}"
EndProject
Project("{FAE04EC0-301F-11D3-BF4B-00C04F79EFBC}") = "YahooStockQuote", "YahooStockQuote\YahooStockQuote.csproj", "{8FD020E3-5E1F-4AA4-9E79-196A120396C2}"
EndProject
Project("{2150E333-8FDC-42A3-9474-1A3956D46DE8}") = "WEB", "WEB", "{FCDE55FD-8255-4F33-9011-D59630629FFB}"
EndProject
Project("{FAE04EC0-301F-11D3-BF4B-00C04F79EFBC}") = "WebReader", "WebReader\WebReader.csproj", "{9FADEAF4-58B3-4C7B-A845-749EAAAC1855}"
EndProject
Project("{FAE04EC0-301F-11D3-BF4B-00C04F79EFBC}") = "WebReader.UnitTest", "WebReader.UnitTest\WebReader.UnitTest.csproj", "{DFD423E8-17E5-484E-9F85-8AC078FBB2DE}"
EndProject
Project("{FAE04EC0-301F-11D3-BF4B-00C04F79EFBC}") = "FinancialData", "FinancialData\FinancialData.csproj", "{10D2E9D9-B617-4612-B78B-182510BD0F49}"
EndProject
Project("{FAE04EC0-301F-11D3-BF4B-00C04F79EFBC}") = "FinancialData.Shared", "FinancialData.Shared\FinancialData.Shared.csproj", "{8FB9707D-8797-482B-A6DC-FE5D964EC555}"
EndProject
Project("{FAE04EC0-301F-11D3-BF4B-00C04F79EFBC}") = "YahooStockQuote.UnitTest", "YahooStockQuote.UnitTest\YahooStockQuote.UnitTest.csproj", "{36A17A1C-4C9D-485A-834E-2004D9EDD384}"
EndProject
Project("{2150E333-8FDC-42A3-9474-1A3956D46DE8}") = "UTILS", "UTILS", "{D8B245C4-1D16-4ED0-BC56-5A98B8E72AA7}"
EndProject
Project("{FAE04EC0-301F-11D3-BF4B-00C04F79EFBC}") = "StringUtils", "StringUtils\StringUtils.csproj", "{F67DF114-7BCE-41B2-BF87-CDB4180CEEA2}"
EndProject
Project("{FAE04EC0-301F-11D3-BF4B-00C04F79EFBC}") = "YahooStockQuote.FinancialDataProvider", "YahooStockQuote.FinancialDataProvider\YahooStockQuote.FinancialDataProvider.csproj", "{4545372E-FAFA-426F-8427-AB10F6115D1F}"
EndProject
Project("{FAE04EC0-301F-11D3-BF4B-00C04F79EFBC}") = "YahooStockQuote.FinancialDataProvider.UnitTest", "YahooStockQuote.FinancialDataProvider.UnitTest\YahooStockQuote.FinancialDataProvider.UnitTest.csproj", "{E34649CC-CD31-46DA-A018-7829E53E6CBC}"
EndProject
Project("{FAE04EC0-301F-11D3-BF4B-00C04F79EFBC}") = "TimeUtils", "TimeUtils\TimeUtils.csproj", "{8BC24945-2E0B-4788-9420-1A52E406C731}"
EndProject
Project("{FAE04EC0-301F-11D3-BF4B-00C04F79EFBC}") = "FinancialIndicator", "FinancialIndicator\FinancialIndicator.csproj", "{EB58314A-FC1A-4F1B-86EF-84E763F3D1CF}"
EndProject
Project("{FAE04EC0-301F-11D3-BF4B-00C04F79EFBC}") = "FinancialIndicator.UnitTest", "FinancialIndicator.UnitTest\FinancialIndicator.UnitTest.csproj", "{FB4B1A38-7936-418D-844E-8D094E947DA0}"
EndProject
Project("{FAE04EC0-301F-11D3-BF4B-00C04F79EFBC}") = "FinancialIndicator.Shared", "FinancialIndicator.Shared\FinancialIndicator.Shared.csproj", "{C314738E-78D6-442C-8A6B-8574803E73EB}"
EndProject
Project("{2150E333-8FDC-42A3-9474-1A3956D46DE8}") = "0100_INDICATORS", "0100_INDICATORS", "{3C4FF9E5-7822-406A-B45E-4E7BFE4214F2}"
EndProject
Project("{2150E333-8FDC-42A3-9474-1A3956D46DE8}") = "0100_SMA", "0100_SMA", "{4233DAE2-1785-4806-A91F-8FF0C772568D}"
	ProjectSection(SolutionItems) = preProject
		Indicators\cs-movavg.xls = Indicators\cs-movavg.xls
	EndProjectSection
EndProject
Project("{2150E333-8FDC-42A3-9474-1A3956D46DE8}") = "0200_RSI", "0200_RSI", "{13CB7D6C-50D7-4B6F-BE6C-02BD2B6D11AC}"
	ProjectSection(SolutionItems) = preProject
		Indicators\cs-rsi.xls = Indicators\cs-rsi.xls
	EndProjectSection
EndProject
Project("{2150E333-8FDC-42A3-9474-1A3956D46DE8}") = "ALGORITHMIC_TRADING_UI", "ALGORITHMIC_TRADING_UI", "{61FECF6C-2FD3-4066-91AB-C24E09C17FAB}"
EndProject
Project("{FAE04EC0-301F-11D3-BF4B-00C04F79EFBC}") = "UserInterface", "UserInterface\UserInterface.csproj", "{0B8494DA-0D4B-4B05-B373-33986EDB7731}"
EndProject
Project("{FAE04EC0-301F-11D3-BF4B-00C04F79EFBC}") = "Storage", "Storage\Storage.csproj", "{92B687D0-BE6C-4AED-A3D3-722ECA172841}"
EndProject
Project("{FAE04EC0-301F-11D3-BF4B-00C04F79EFBC}") = "Session.Shared", "Session.Shared\Session.Shared.csproj", "{4A0D89FF-CD8B-41FF-90E3-4075369BCA70}"
EndProject
Project("{FAE04EC0-301F-11D3-BF4B-00C04F79EFBC}") = "Session.UnitTest", "Session.UnitTest\Session.UnitTest.csproj", "{6B4FC8B7-4369-4B8D-9D91-1014058B30DF}"
EndProject
Project("{2150E333-8FDC-42A3-9474-1A3956D46DE8}") = "Solution Items", "Solution Items", "{0EA85C96-3F6B-4F3D-A1A2-B60819F3AACB}"
	ProjectSection(SolutionItems) = preProject
		Everything.vsmdi = Everything.vsmdi
		Local.testsettings = Local.testsettings
		TraceAndTestImpact.testsettings = TraceAndTestImpact.testsettings
	EndProjectSection
EndProject
Project("{2150E333-8FDC-42A3-9474-1A3956D46DE8}") = "CONFIGURATION", "CONFIGURATION", "{F46CCE5C-2D72-450B-9C40-E11A18720E61}"
EndProject
Project("{FAE04EC0-301F-11D3-BF4B-00C04F79EFBC}") = "TradingConfiguration.Shared", "TradingConfiguration.Shared\TradingConfiguration.Shared.csproj", "{5F12D93A-7C84-400E-9D2B-84D1D7D2C5C4}"
EndProject
Project("{FAE04EC0-301F-11D3-BF4B-00C04F79EFBC}") = "TradingConfiguration.UnitTest", "TradingConfiguration.UnitTest\TradingConfiguration.UnitTest.csproj", "{6860338C-ED9C-48BD-A9A6-AAA5EC6D0566}"
EndProject
Project("{FAE04EC0-301F-11D3-BF4B-00C04F79EFBC}") = "DukascopyQuote", "DukascopyQuote\DukascopyQuote.csproj", "{CA8B2B03-3F4A-41D4-A455-D55B518BE2FC}"
EndProject
Project("{FAE04EC0-301F-11D3-BF4B-00C04F79EFBC}") = "DukascopyQuote.FinancialDataProvider", "DukascopyQuote.FinancialDataProvider\DukascopyQuote.FinancialDataProvider.csproj", "{DB6C8E1D-924F-423B-A685-FB441A5A9C55}"
EndProject
Project("{FAE04EC0-301F-11D3-BF4B-00C04F79EFBC}") = "DukascopyQuote.FinancialDataProvider.UnitTest", "DukascopyQuote.FinancialDataProvider.UnitTest\DukascopyQuote.FinancialDataProvider.UnitTest.csproj", "{874F2D98-4BCB-4DDC-8665-6C934AC3E07D}"
EndProject
Global
	GlobalSection(TestCaseManagementSettings) = postSolution
		CategoryFile = Everything.vsmdi
	EndGlobalSection
	GlobalSection(SolutionConfigurationPlatforms) = preSolution
		Debug|Any CPU = Debug|Any CPU
		Debug|Mixed Platforms = Debug|Mixed Platforms
		Debug|x86 = Debug|x86
		Release|Any CPU = Release|Any CPU
		Release|Mixed Platforms = Release|Mixed Platforms
		Release|x86 = Release|x86
	EndGlobalSection
	GlobalSection(ProjectConfigurationPlatforms) = postSolution
		{54EFDDDF-D5C2-4989-B3C5-1E29EB8E329D}.Debug|Any CPU.ActiveCfg = Debug|Any CPU
		{54EFDDDF-D5C2-4989-B3C5-1E29EB8E329D}.Debug|Any CPU.Build.0 = Debug|Any CPU
		{54EFDDDF-D5C2-4989-B3C5-1E29EB8E329D}.Debug|Mixed Platforms.ActiveCfg = Debug|Any CPU
		{54EFDDDF-D5C2-4989-B3C5-1E29EB8E329D}.Debug|Mixed Platforms.Build.0 = Debug|Any CPU
		{54EFDDDF-D5C2-4989-B3C5-1E29EB8E329D}.Debug|x86.ActiveCfg = Debug|Any CPU
		{54EFDDDF-D5C2-4989-B3C5-1E29EB8E329D}.Release|Any CPU.ActiveCfg = Release|Any CPU
		{54EFDDDF-D5C2-4989-B3C5-1E29EB8E329D}.Release|Any CPU.Build.0 = Release|Any CPU
		{54EFDDDF-D5C2-4989-B3C5-1E29EB8E329D}.Release|Mixed Platforms.ActiveCfg = Release|Any CPU
		{54EFDDDF-D5C2-4989-B3C5-1E29EB8E329D}.Release|Mixed Platforms.Build.0 = Release|Any CPU
		{54EFDDDF-D5C2-4989-B3C5-1E29EB8E329D}.Release|x86.ActiveCfg = Release|Any CPU
		{AB851B0F-0DFB-441F-B680-F60C4666229A}.Debug|Any CPU.ActiveCfg = Debug|Any CPU
		{AB851B0F-0DFB-441F-B680-F60C4666229A}.Debug|Any CPU.Build.0 = Debug|Any CPU
		{AB851B0F-0DFB-441F-B680-F60C4666229A}.Debug|Mixed Platforms.ActiveCfg = Debug|Any CPU
		{AB851B0F-0DFB-441F-B680-F60C4666229A}.Debug|Mixed Platforms.Build.0 = Debug|Any CPU
		{AB851B0F-0DFB-441F-B680-F60C4666229A}.Debug|x86.ActiveCfg = Debug|Any CPU
		{AB851B0F-0DFB-441F-B680-F60C4666229A}.Release|Any CPU.ActiveCfg = Release|Any CPU
		{AB851B0F-0DFB-441F-B680-F60C4666229A}.Release|Any CPU.Build.0 = Release|Any CPU
		{AB851B0F-0DFB-441F-B680-F60C4666229A}.Release|Mixed Platforms.ActiveCfg = Release|Any CPU
		{AB851B0F-0DFB-441F-B680-F60C4666229A}.Release|Mixed Platforms.Build.0 = Release|Any CPU
		{AB851B0F-0DFB-441F-B680-F60C4666229A}.Release|x86.ActiveCfg = Release|Any CPU
		{5F380922-81DD-432B-9460-078D8550DAA2}.Debug|Any CPU.ActiveCfg = Debug|Any CPU
		{5F380922-81DD-432B-9460-078D8550DAA2}.Debug|Any CPU.Build.0 = Debug|Any CPU
		{5F380922-81DD-432B-9460-078D8550DAA2}.Debug|Mixed Platforms.ActiveCfg = Debug|Any CPU
		{5F380922-81DD-432B-9460-078D8550DAA2}.Debug|Mixed Platforms.Build.0 = Debug|Any CPU
		{5F380922-81DD-432B-9460-078D8550DAA2}.Debug|x86.ActiveCfg = Debug|Any CPU
		{5F380922-81DD-432B-9460-078D8550DAA2}.Release|Any CPU.ActiveCfg = Release|Any CPU
		{5F380922-81DD-432B-9460-078D8550DAA2}.Release|Any CPU.Build.0 = Release|Any CPU
		{5F380922-81DD-432B-9460-078D8550DAA2}.Release|Mixed Platforms.ActiveCfg = Release|Any CPU
		{5F380922-81DD-432B-9460-078D8550DAA2}.Release|Mixed Platforms.Build.0 = Release|Any CPU
		{5F380922-81DD-432B-9460-078D8550DAA2}.Release|x86.ActiveCfg = Release|Any CPU
		{134402C3-35EF-4C6B-B5D8-A5677331DA41}.Debug|Any CPU.ActiveCfg = Debug|Any CPU
		{134402C3-35EF-4C6B-B5D8-A5677331DA41}.Debug|Any CPU.Build.0 = Debug|Any CPU
		{134402C3-35EF-4C6B-B5D8-A5677331DA41}.Debug|Mixed Platforms.ActiveCfg = Debug|Any CPU
		{134402C3-35EF-4C6B-B5D8-A5677331DA41}.Debug|Mixed Platforms.Build.0 = Debug|Any CPU
		{134402C3-35EF-4C6B-B5D8-A5677331DA41}.Debug|x86.ActiveCfg = Debug|Any CPU
		{134402C3-35EF-4C6B-B5D8-A5677331DA41}.Release|Any CPU.ActiveCfg = Release|Any CPU
		{134402C3-35EF-4C6B-B5D8-A5677331DA41}.Release|Any CPU.Build.0 = Release|Any CPU
		{134402C3-35EF-4C6B-B5D8-A5677331DA41}.Release|Mixed Platforms.ActiveCfg = Release|Any CPU
		{134402C3-35EF-4C6B-B5D8-A5677331DA41}.Release|Mixed Platforms.Build.0 = Release|Any CPU
		{134402C3-35EF-4C6B-B5D8-A5677331DA41}.Release|x86.ActiveCfg = Release|Any CPU
		{6971BCA6-CC26-40E4-8567-6DB12F150B47}.Debug|Any CPU.ActiveCfg = Debug|Any CPU
		{6971BCA6-CC26-40E4-8567-6DB12F150B47}.Debug|Any CPU.Build.0 = Debug|Any CPU
		{6971BCA6-CC26-40E4-8567-6DB12F150B47}.Debug|Mixed Platforms.ActiveCfg = Debug|Any CPU
		{6971BCA6-CC26-40E4-8567-6DB12F150B47}.Debug|Mixed Platforms.Build.0 = Debug|Any CPU
		{6971BCA6-CC26-40E4-8567-6DB12F150B47}.Debug|x86.ActiveCfg = Debug|Any CPU
		{6971BCA6-CC26-40E4-8567-6DB12F150B47}.Release|Any CPU.ActiveCfg = Release|Any CPU
		{6971BCA6-CC26-40E4-8567-6DB12F150B47}.Release|Any CPU.Build.0 = Release|Any CPU
		{6971BCA6-CC26-40E4-8567-6DB12F150B47}.Release|Mixed Platforms.ActiveCfg = Release|Any CPU
		{6971BCA6-CC26-40E4-8567-6DB12F150B47}.Release|Mixed Platforms.Build.0 = Release|Any CPU
		{6971BCA6-CC26-40E4-8567-6DB12F150B47}.Release|x86.ActiveCfg = Release|Any CPU
		{44452DA9-E7AD-48BB-8DCD-C72C0C6AA30F}.Debug|Any CPU.ActiveCfg = Debug|Any CPU
		{44452DA9-E7AD-48BB-8DCD-C72C0C6AA30F}.Debug|Any CPU.Build.0 = Debug|Any CPU
		{44452DA9-E7AD-48BB-8DCD-C72C0C6AA30F}.Debug|Mixed Platforms.ActiveCfg = Debug|Any CPU
		{44452DA9-E7AD-48BB-8DCD-C72C0C6AA30F}.Debug|Mixed Platforms.Build.0 = Debug|Any CPU
		{44452DA9-E7AD-48BB-8DCD-C72C0C6AA30F}.Debug|x86.ActiveCfg = Debug|Any CPU
		{44452DA9-E7AD-48BB-8DCD-C72C0C6AA30F}.Release|Any CPU.ActiveCfg = Release|Any CPU
		{44452DA9-E7AD-48BB-8DCD-C72C0C6AA30F}.Release|Any CPU.Build.0 = Release|Any CPU
		{44452DA9-E7AD-48BB-8DCD-C72C0C6AA30F}.Release|Mixed Platforms.ActiveCfg = Release|Any CPU
		{44452DA9-E7AD-48BB-8DCD-C72C0C6AA30F}.Release|Mixed Platforms.Build.0 = Release|Any CPU
		{44452DA9-E7AD-48BB-8DCD-C72C0C6AA30F}.Release|x86.ActiveCfg = Release|Any CPU
		{B0A6C900-73B6-429A-AF90-CC2EF93A9122}.Debug|Any CPU.ActiveCfg = Debug|Any CPU
		{B0A6C900-73B6-429A-AF90-CC2EF93A9122}.Debug|Any CPU.Build.0 = Debug|Any CPU
		{B0A6C900-73B6-429A-AF90-CC2EF93A9122}.Debug|Mixed Platforms.ActiveCfg = Debug|Any CPU
		{B0A6C900-73B6-429A-AF90-CC2EF93A9122}.Debug|Mixed Platforms.Build.0 = Debug|Any CPU
		{B0A6C900-73B6-429A-AF90-CC2EF93A9122}.Debug|x86.ActiveCfg = Debug|Any CPU
		{B0A6C900-73B6-429A-AF90-CC2EF93A9122}.Release|Any CPU.ActiveCfg = Release|Any CPU
		{B0A6C900-73B6-429A-AF90-CC2EF93A9122}.Release|Any CPU.Build.0 = Release|Any CPU
		{B0A6C900-73B6-429A-AF90-CC2EF93A9122}.Release|Mixed Platforms.ActiveCfg = Release|Any CPU
		{B0A6C900-73B6-429A-AF90-CC2EF93A9122}.Release|Mixed Platforms.Build.0 = Release|Any CPU
		{B0A6C900-73B6-429A-AF90-CC2EF93A9122}.Release|x86.ActiveCfg = Release|Any CPU
		{CFCA05F0-2EE7-4578-B91E-DD064021C09E}.Debug|Any CPU.ActiveCfg = Debug|Any CPU
		{CFCA05F0-2EE7-4578-B91E-DD064021C09E}.Debug|Any CPU.Build.0 = Debug|Any CPU
		{CFCA05F0-2EE7-4578-B91E-DD064021C09E}.Debug|Mixed Platforms.ActiveCfg = Debug|Any CPU
		{CFCA05F0-2EE7-4578-B91E-DD064021C09E}.Debug|Mixed Platforms.Build.0 = Debug|Any CPU
		{CFCA05F0-2EE7-4578-B91E-DD064021C09E}.Debug|x86.ActiveCfg = Debug|Any CPU
		{CFCA05F0-2EE7-4578-B91E-DD064021C09E}.Release|Any CPU.ActiveCfg = Release|Any CPU
		{CFCA05F0-2EE7-4578-B91E-DD064021C09E}.Release|Any CPU.Build.0 = Release|Any CPU
		{CFCA05F0-2EE7-4578-B91E-DD064021C09E}.Release|Mixed Platforms.ActiveCfg = Release|Any CPU
		{CFCA05F0-2EE7-4578-B91E-DD064021C09E}.Release|Mixed Platforms.Build.0 = Release|Any CPU
		{CFCA05F0-2EE7-4578-B91E-DD064021C09E}.Release|x86.ActiveCfg = Release|Any CPU
		{61F96DE7-D15E-4FD2-B3BA-83AA2B7950BC}.Debug|Any CPU.ActiveCfg = Debug|Any CPU
		{61F96DE7-D15E-4FD2-B3BA-83AA2B7950BC}.Debug|Any CPU.Build.0 = Debug|Any CPU
		{61F96DE7-D15E-4FD2-B3BA-83AA2B7950BC}.Debug|Mixed Platforms.ActiveCfg = Debug|Any CPU
		{61F96DE7-D15E-4FD2-B3BA-83AA2B7950BC}.Debug|Mixed Platforms.Build.0 = Debug|Any CPU
		{61F96DE7-D15E-4FD2-B3BA-83AA2B7950BC}.Debug|x86.ActiveCfg = Debug|Any CPU
		{61F96DE7-D15E-4FD2-B3BA-83AA2B7950BC}.Release|Any CPU.ActiveCfg = Release|Any CPU
		{61F96DE7-D15E-4FD2-B3BA-83AA2B7950BC}.Release|Any CPU.Build.0 = Release|Any CPU
		{61F96DE7-D15E-4FD2-B3BA-83AA2B7950BC}.Release|Mixed Platforms.ActiveCfg = Release|Any CPU
		{61F96DE7-D15E-4FD2-B3BA-83AA2B7950BC}.Release|Mixed Platforms.Build.0 = Release|Any CPU
		{61F96DE7-D15E-4FD2-B3BA-83AA2B7950BC}.Release|x86.ActiveCfg = Release|Any CPU
		{5506F5B5-D34F-4585-A1F8-D9620325E834}.Debug|Any CPU.ActiveCfg = Debug|Any CPU
		{5506F5B5-D34F-4585-A1F8-D9620325E834}.Debug|Any CPU.Build.0 = Debug|Any CPU
		{5506F5B5-D34F-4585-A1F8-D9620325E834}.Debug|Mixed Platforms.ActiveCfg = Debug|Any CPU
		{5506F5B5-D34F-4585-A1F8-D9620325E834}.Debug|Mixed Platforms.Build.0 = Debug|Any CPU
		{5506F5B5-D34F-4585-A1F8-D9620325E834}.Debug|x86.ActiveCfg = Debug|Any CPU
		{5506F5B5-D34F-4585-A1F8-D9620325E834}.Release|Any CPU.ActiveCfg = Release|Any CPU
		{5506F5B5-D34F-4585-A1F8-D9620325E834}.Release|Any CPU.Build.0 = Release|Any CPU
		{5506F5B5-D34F-4585-A1F8-D9620325E834}.Release|Mixed Platforms.ActiveCfg = Release|Any CPU
		{5506F5B5-D34F-4585-A1F8-D9620325E834}.Release|Mixed Platforms.Build.0 = Release|Any CPU
		{5506F5B5-D34F-4585-A1F8-D9620325E834}.Release|x86.ActiveCfg = Release|Any CPU
		{4A25FA6B-7AD5-4362-8E33-9154FC848698}.Debug|Any CPU.ActiveCfg = Debug|Any CPU
		{4A25FA6B-7AD5-4362-8E33-9154FC848698}.Debug|Any CPU.Build.0 = Debug|Any CPU
		{4A25FA6B-7AD5-4362-8E33-9154FC848698}.Debug|Mixed Platforms.ActiveCfg = Debug|Any CPU
		{4A25FA6B-7AD5-4362-8E33-9154FC848698}.Debug|Mixed Platforms.Build.0 = Debug|Any CPU
		{4A25FA6B-7AD5-4362-8E33-9154FC848698}.Debug|x86.ActiveCfg = Debug|Any CPU
		{4A25FA6B-7AD5-4362-8E33-9154FC848698}.Release|Any CPU.ActiveCfg = Release|Any CPU
		{4A25FA6B-7AD5-4362-8E33-9154FC848698}.Release|Any CPU.Build.0 = Release|Any CPU
		{4A25FA6B-7AD5-4362-8E33-9154FC848698}.Release|Mixed Platforms.ActiveCfg = Release|Any CPU
		{4A25FA6B-7AD5-4362-8E33-9154FC848698}.Release|Mixed Platforms.Build.0 = Release|Any CPU
		{4A25FA6B-7AD5-4362-8E33-9154FC848698}.Release|x86.ActiveCfg = Release|Any CPU
		{8FD020E3-5E1F-4AA4-9E79-196A120396C2}.Debug|Any CPU.ActiveCfg = Debug|Any CPU
		{8FD020E3-5E1F-4AA4-9E79-196A120396C2}.Debug|Any CPU.Build.0 = Debug|Any CPU
		{8FD020E3-5E1F-4AA4-9E79-196A120396C2}.Debug|Mixed Platforms.ActiveCfg = Debug|Any CPU
		{8FD020E3-5E1F-4AA4-9E79-196A120396C2}.Debug|Mixed Platforms.Build.0 = Debug|Any CPU
		{8FD020E3-5E1F-4AA4-9E79-196A120396C2}.Debug|x86.ActiveCfg = Debug|Any CPU
		{8FD020E3-5E1F-4AA4-9E79-196A120396C2}.Release|Any CPU.ActiveCfg = Release|Any CPU
		{8FD020E3-5E1F-4AA4-9E79-196A120396C2}.Release|Any CPU.Build.0 = Release|Any CPU
		{8FD020E3-5E1F-4AA4-9E79-196A120396C2}.Release|Mixed Platforms.ActiveCfg = Release|Any CPU
		{8FD020E3-5E1F-4AA4-9E79-196A120396C2}.Release|Mixed Platforms.Build.0 = Release|Any CPU
		{8FD020E3-5E1F-4AA4-9E79-196A120396C2}.Release|x86.ActiveCfg = Release|Any CPU
		{9FADEAF4-58B3-4C7B-A845-749EAAAC1855}.Debug|Any CPU.ActiveCfg = Debug|Any CPU
		{9FADEAF4-58B3-4C7B-A845-749EAAAC1855}.Debug|Any CPU.Build.0 = Debug|Any CPU
		{9FADEAF4-58B3-4C7B-A845-749EAAAC1855}.Debug|Mixed Platforms.ActiveCfg = Debug|Any CPU
		{9FADEAF4-58B3-4C7B-A845-749EAAAC1855}.Debug|Mixed Platforms.Build.0 = Debug|Any CPU
		{9FADEAF4-58B3-4C7B-A845-749EAAAC1855}.Debug|x86.ActiveCfg = Debug|Any CPU
		{9FADEAF4-58B3-4C7B-A845-749EAAAC1855}.Release|Any CPU.ActiveCfg = Release|Any CPU
		{9FADEAF4-58B3-4C7B-A845-749EAAAC1855}.Release|Any CPU.Build.0 = Release|Any CPU
		{9FADEAF4-58B3-4C7B-A845-749EAAAC1855}.Release|Mixed Platforms.ActiveCfg = Release|Any CPU
		{9FADEAF4-58B3-4C7B-A845-749EAAAC1855}.Release|Mixed Platforms.Build.0 = Release|Any CPU
		{9FADEAF4-58B3-4C7B-A845-749EAAAC1855}.Release|x86.ActiveCfg = Release|Any CPU
		{DFD423E8-17E5-484E-9F85-8AC078FBB2DE}.Debug|Any CPU.ActiveCfg = Debug|Any CPU
		{DFD423E8-17E5-484E-9F85-8AC078FBB2DE}.Debug|Any CPU.Build.0 = Debug|Any CPU
		{DFD423E8-17E5-484E-9F85-8AC078FBB2DE}.Debug|Mixed Platforms.ActiveCfg = Debug|Any CPU
		{DFD423E8-17E5-484E-9F85-8AC078FBB2DE}.Debug|Mixed Platforms.Build.0 = Debug|Any CPU
		{DFD423E8-17E5-484E-9F85-8AC078FBB2DE}.Debug|x86.ActiveCfg = Debug|Any CPU
		{DFD423E8-17E5-484E-9F85-8AC078FBB2DE}.Release|Any CPU.ActiveCfg = Release|Any CPU
		{DFD423E8-17E5-484E-9F85-8AC078FBB2DE}.Release|Any CPU.Build.0 = Release|Any CPU
		{DFD423E8-17E5-484E-9F85-8AC078FBB2DE}.Release|Mixed Platforms.ActiveCfg = Release|Any CPU
		{DFD423E8-17E5-484E-9F85-8AC078FBB2DE}.Release|Mixed Platforms.Build.0 = Release|Any CPU
		{DFD423E8-17E5-484E-9F85-8AC078FBB2DE}.Release|x86.ActiveCfg = Release|Any CPU
		{10D2E9D9-B617-4612-B78B-182510BD0F49}.Debug|Any CPU.ActiveCfg = Debug|Any CPU
		{10D2E9D9-B617-4612-B78B-182510BD0F49}.Debug|Any CPU.Build.0 = Debug|Any CPU
		{10D2E9D9-B617-4612-B78B-182510BD0F49}.Debug|Mixed Platforms.ActiveCfg = Debug|Any CPU
		{10D2E9D9-B617-4612-B78B-182510BD0F49}.Debug|Mixed Platforms.Build.0 = Debug|Any CPU
		{10D2E9D9-B617-4612-B78B-182510BD0F49}.Debug|x86.ActiveCfg = Debug|Any CPU
		{10D2E9D9-B617-4612-B78B-182510BD0F49}.Release|Any CPU.ActiveCfg = Release|Any CPU
		{10D2E9D9-B617-4612-B78B-182510BD0F49}.Release|Any CPU.Build.0 = Release|Any CPU
		{10D2E9D9-B617-4612-B78B-182510BD0F49}.Release|Mixed Platforms.ActiveCfg = Release|Any CPU
		{10D2E9D9-B617-4612-B78B-182510BD0F49}.Release|Mixed Platforms.Build.0 = Release|Any CPU
		{10D2E9D9-B617-4612-B78B-182510BD0F49}.Release|x86.ActiveCfg = Release|Any CPU
		{8FB9707D-8797-482B-A6DC-FE5D964EC555}.Debug|Any CPU.ActiveCfg = Debug|Any CPU
		{8FB9707D-8797-482B-A6DC-FE5D964EC555}.Debug|Any CPU.Build.0 = Debug|Any CPU
		{8FB9707D-8797-482B-A6DC-FE5D964EC555}.Debug|Mixed Platforms.ActiveCfg = Debug|Any CPU
		{8FB9707D-8797-482B-A6DC-FE5D964EC555}.Debug|Mixed Platforms.Build.0 = Debug|Any CPU
		{8FB9707D-8797-482B-A6DC-FE5D964EC555}.Debug|x86.ActiveCfg = Debug|Any CPU
		{8FB9707D-8797-482B-A6DC-FE5D964EC555}.Release|Any CPU.ActiveCfg = Release|Any CPU
		{8FB9707D-8797-482B-A6DC-FE5D964EC555}.Release|Any CPU.Build.0 = Release|Any CPU
		{8FB9707D-8797-482B-A6DC-FE5D964EC555}.Release|Mixed Platforms.ActiveCfg = Release|Any CPU
		{8FB9707D-8797-482B-A6DC-FE5D964EC555}.Release|Mixed Platforms.Build.0 = Release|Any CPU
		{8FB9707D-8797-482B-A6DC-FE5D964EC555}.Release|x86.ActiveCfg = Release|Any CPU
		{36A17A1C-4C9D-485A-834E-2004D9EDD384}.Debug|Any CPU.ActiveCfg = Debug|Any CPU
		{36A17A1C-4C9D-485A-834E-2004D9EDD384}.Debug|Any CPU.Build.0 = Debug|Any CPU
		{36A17A1C-4C9D-485A-834E-2004D9EDD384}.Debug|Mixed Platforms.ActiveCfg = Debug|Any CPU
		{36A17A1C-4C9D-485A-834E-2004D9EDD384}.Debug|Mixed Platforms.Build.0 = Debug|Any CPU
		{36A17A1C-4C9D-485A-834E-2004D9EDD384}.Debug|x86.ActiveCfg = Debug|Any CPU
		{36A17A1C-4C9D-485A-834E-2004D9EDD384}.Release|Any CPU.ActiveCfg = Release|Any CPU
		{36A17A1C-4C9D-485A-834E-2004D9EDD384}.Release|Any CPU.Build.0 = Release|Any CPU
		{36A17A1C-4C9D-485A-834E-2004D9EDD384}.Release|Mixed Platforms.ActiveCfg = Release|Any CPU
		{36A17A1C-4C9D-485A-834E-2004D9EDD384}.Release|Mixed Platforms.Build.0 = Release|Any CPU
		{36A17A1C-4C9D-485A-834E-2004D9EDD384}.Release|x86.ActiveCfg = Release|Any CPU
		{F67DF114-7BCE-41B2-BF87-CDB4180CEEA2}.Debug|Any CPU.ActiveCfg = Debug|Any CPU
		{F67DF114-7BCE-41B2-BF87-CDB4180CEEA2}.Debug|Any CPU.Build.0 = Debug|Any CPU
		{F67DF114-7BCE-41B2-BF87-CDB4180CEEA2}.Debug|Mixed Platforms.ActiveCfg = Debug|Any CPU
		{F67DF114-7BCE-41B2-BF87-CDB4180CEEA2}.Debug|Mixed Platforms.Build.0 = Debug|Any CPU
		{F67DF114-7BCE-41B2-BF87-CDB4180CEEA2}.Debug|x86.ActiveCfg = Debug|Any CPU
		{F67DF114-7BCE-41B2-BF87-CDB4180CEEA2}.Release|Any CPU.ActiveCfg = Release|Any CPU
		{F67DF114-7BCE-41B2-BF87-CDB4180CEEA2}.Release|Any CPU.Build.0 = Release|Any CPU
		{F67DF114-7BCE-41B2-BF87-CDB4180CEEA2}.Release|Mixed Platforms.ActiveCfg = Release|Any CPU
		{F67DF114-7BCE-41B2-BF87-CDB4180CEEA2}.Release|Mixed Platforms.Build.0 = Release|Any CPU
		{F67DF114-7BCE-41B2-BF87-CDB4180CEEA2}.Release|x86.ActiveCfg = Release|Any CPU
		{4545372E-FAFA-426F-8427-AB10F6115D1F}.Debug|Any CPU.ActiveCfg = Debug|Any CPU
		{4545372E-FAFA-426F-8427-AB10F6115D1F}.Debug|Any CPU.Build.0 = Debug|Any CPU
		{4545372E-FAFA-426F-8427-AB10F6115D1F}.Debug|Mixed Platforms.ActiveCfg = Debug|Any CPU
		{4545372E-FAFA-426F-8427-AB10F6115D1F}.Debug|Mixed Platforms.Build.0 = Debug|Any CPU
		{4545372E-FAFA-426F-8427-AB10F6115D1F}.Debug|x86.ActiveCfg = Debug|Any CPU
		{4545372E-FAFA-426F-8427-AB10F6115D1F}.Release|Any CPU.ActiveCfg = Release|Any CPU
		{4545372E-FAFA-426F-8427-AB10F6115D1F}.Release|Any CPU.Build.0 = Release|Any CPU
		{4545372E-FAFA-426F-8427-AB10F6115D1F}.Release|Mixed Platforms.ActiveCfg = Release|Any CPU
		{4545372E-FAFA-426F-8427-AB10F6115D1F}.Release|Mixed Platforms.Build.0 = Release|Any CPU
		{4545372E-FAFA-426F-8427-AB10F6115D1F}.Release|x86.ActiveCfg = Release|Any CPU
		{E34649CC-CD31-46DA-A018-7829E53E6CBC}.Debug|Any CPU.ActiveCfg = Debug|Any CPU
		{E34649CC-CD31-46DA-A018-7829E53E6CBC}.Debug|Any CPU.Build.0 = Debug|Any CPU
		{E34649CC-CD31-46DA-A018-7829E53E6CBC}.Debug|Mixed Platforms.ActiveCfg = Debug|Any CPU
		{E34649CC-CD31-46DA-A018-7829E53E6CBC}.Debug|Mixed Platforms.Build.0 = Debug|Any CPU
		{E34649CC-CD31-46DA-A018-7829E53E6CBC}.Debug|x86.ActiveCfg = Debug|Any CPU
		{E34649CC-CD31-46DA-A018-7829E53E6CBC}.Release|Any CPU.ActiveCfg = Release|Any CPU
		{E34649CC-CD31-46DA-A018-7829E53E6CBC}.Release|Any CPU.Build.0 = Release|Any CPU
		{E34649CC-CD31-46DA-A018-7829E53E6CBC}.Release|Mixed Platforms.ActiveCfg = Release|Any CPU
		{E34649CC-CD31-46DA-A018-7829E53E6CBC}.Release|Mixed Platforms.Build.0 = Release|Any CPU
		{E34649CC-CD31-46DA-A018-7829E53E6CBC}.Release|x86.ActiveCfg = Release|Any CPU
		{8BC24945-2E0B-4788-9420-1A52E406C731}.Debug|Any CPU.ActiveCfg = Debug|Any CPU
		{8BC24945-2E0B-4788-9420-1A52E406C731}.Debug|Any CPU.Build.0 = Debug|Any CPU
		{8BC24945-2E0B-4788-9420-1A52E406C731}.Debug|Mixed Platforms.ActiveCfg = Debug|Any CPU
		{8BC24945-2E0B-4788-9420-1A52E406C731}.Debug|Mixed Platforms.Build.0 = Debug|Any CPU
		{8BC24945-2E0B-4788-9420-1A52E406C731}.Debug|x86.ActiveCfg = Debug|Any CPU
		{8BC24945-2E0B-4788-9420-1A52E406C731}.Release|Any CPU.ActiveCfg = Release|Any CPU
		{8BC24945-2E0B-4788-9420-1A52E406C731}.Release|Any CPU.Build.0 = Release|Any CPU
		{8BC24945-2E0B-4788-9420-1A52E406C731}.Release|Mixed Platforms.ActiveCfg = Release|Any CPU
		{8BC24945-2E0B-4788-9420-1A52E406C731}.Release|Mixed Platforms.Build.0 = Release|Any CPU
		{8BC24945-2E0B-4788-9420-1A52E406C731}.Release|x86.ActiveCfg = Release|Any CPU
		{EB58314A-FC1A-4F1B-86EF-84E763F3D1CF}.Debug|Any CPU.ActiveCfg = Debug|Any CPU
		{EB58314A-FC1A-4F1B-86EF-84E763F3D1CF}.Debug|Any CPU.Build.0 = Debug|Any CPU
		{EB58314A-FC1A-4F1B-86EF-84E763F3D1CF}.Debug|Mixed Platforms.ActiveCfg = Debug|Any CPU
		{EB58314A-FC1A-4F1B-86EF-84E763F3D1CF}.Debug|Mixed Platforms.Build.0 = Debug|Any CPU
		{EB58314A-FC1A-4F1B-86EF-84E763F3D1CF}.Debug|x86.ActiveCfg = Debug|Any CPU
		{EB58314A-FC1A-4F1B-86EF-84E763F3D1CF}.Release|Any CPU.ActiveCfg = Release|Any CPU
		{EB58314A-FC1A-4F1B-86EF-84E763F3D1CF}.Release|Any CPU.Build.0 = Release|Any CPU
		{EB58314A-FC1A-4F1B-86EF-84E763F3D1CF}.Release|Mixed Platforms.ActiveCfg = Release|Any CPU
		{EB58314A-FC1A-4F1B-86EF-84E763F3D1CF}.Release|Mixed Platforms.Build.0 = Release|Any CPU
		{EB58314A-FC1A-4F1B-86EF-84E763F3D1CF}.Release|x86.ActiveCfg = Release|Any CPU
		{FB4B1A38-7936-418D-844E-8D094E947DA0}.Debug|Any CPU.ActiveCfg = Debug|Any CPU
		{FB4B1A38-7936-418D-844E-8D094E947DA0}.Debug|Any CPU.Build.0 = Debug|Any CPU
		{FB4B1A38-7936-418D-844E-8D094E947DA0}.Debug|Mixed Platforms.ActiveCfg = Debug|Any CPU
		{FB4B1A38-7936-418D-844E-8D094E947DA0}.Debug|Mixed Platforms.Build.0 = Debug|Any CPU
		{FB4B1A38-7936-418D-844E-8D094E947DA0}.Debug|x86.ActiveCfg = Debug|Any CPU
		{FB4B1A38-7936-418D-844E-8D094E947DA0}.Release|Any CPU.ActiveCfg = Release|Any CPU
		{FB4B1A38-7936-418D-844E-8D094E947DA0}.Release|Any CPU.Build.0 = Release|Any CPU
		{FB4B1A38-7936-418D-844E-8D094E947DA0}.Release|Mixed Platforms.ActiveCfg = Release|Any CPU
		{FB4B1A38-7936-418D-844E-8D094E947DA0}.Release|Mixed Platforms.Build.0 = Release|Any CPU
		{FB4B1A38-7936-418D-844E-8D094E947DA0}.Release|x86.ActiveCfg = Release|Any CPU
		{C314738E-78D6-442C-8A6B-8574803E73EB}.Debug|Any CPU.ActiveCfg = Debug|Any CPU
		{C314738E-78D6-442C-8A6B-8574803E73EB}.Debug|Any CPU.Build.0 = Debug|Any CPU
		{C314738E-78D6-442C-8A6B-8574803E73EB}.Debug|Mixed Platforms.ActiveCfg = Debug|Any CPU
		{C314738E-78D6-442C-8A6B-8574803E73EB}.Debug|Mixed Platforms.Build.0 = Debug|Any CPU
		{C314738E-78D6-442C-8A6B-8574803E73EB}.Debug|x86.ActiveCfg = Debug|Any CPU
		{C314738E-78D6-442C-8A6B-8574803E73EB}.Release|Any CPU.ActiveCfg = Release|Any CPU
		{C314738E-78D6-442C-8A6B-8574803E73EB}.Release|Any CPU.Build.0 = Release|Any CPU
		{C314738E-78D6-442C-8A6B-8574803E73EB}.Release|Mixed Platforms.ActiveCfg = Release|Any CPU
		{C314738E-78D6-442C-8A6B-8574803E73EB}.Release|Mixed Platforms.Build.0 = Release|Any CPU
		{C314738E-78D6-442C-8A6B-8574803E73EB}.Release|x86.ActiveCfg = Release|Any CPU
		{0B8494DA-0D4B-4B05-B373-33986EDB7731}.Debug|Any CPU.ActiveCfg = Debug|x86
		{0B8494DA-0D4B-4B05-B373-33986EDB7731}.Debug|Mixed Platforms.ActiveCfg = Debug|x86
		{0B8494DA-0D4B-4B05-B373-33986EDB7731}.Debug|Mixed Platforms.Build.0 = Debug|x86
		{0B8494DA-0D4B-4B05-B373-33986EDB7731}.Debug|x86.ActiveCfg = Debug|x86
		{0B8494DA-0D4B-4B05-B373-33986EDB7731}.Debug|x86.Build.0 = Debug|x86
		{0B8494DA-0D4B-4B05-B373-33986EDB7731}.Release|Any CPU.ActiveCfg = Release|x86
		{0B8494DA-0D4B-4B05-B373-33986EDB7731}.Release|Mixed Platforms.ActiveCfg = Release|x86
		{0B8494DA-0D4B-4B05-B373-33986EDB7731}.Release|Mixed Platforms.Build.0 = Release|x86
		{0B8494DA-0D4B-4B05-B373-33986EDB7731}.Release|x86.ActiveCfg = Release|x86
		{0B8494DA-0D4B-4B05-B373-33986EDB7731}.Release|x86.Build.0 = Release|x86
		{92B687D0-BE6C-4AED-A3D3-722ECA172841}.Debug|Any CPU.ActiveCfg = Debug|Any CPU
		{92B687D0-BE6C-4AED-A3D3-722ECA172841}.Debug|Any CPU.Build.0 = Debug|Any CPU
		{92B687D0-BE6C-4AED-A3D3-722ECA172841}.Debug|Mixed Platforms.ActiveCfg = Debug|Any CPU
		{92B687D0-BE6C-4AED-A3D3-722ECA172841}.Debug|Mixed Platforms.Build.0 = Debug|Any CPU
		{92B687D0-BE6C-4AED-A3D3-722ECA172841}.Debug|x86.ActiveCfg = Debug|Any CPU
		{92B687D0-BE6C-4AED-A3D3-722ECA172841}.Release|Any CPU.ActiveCfg = Release|Any CPU
		{92B687D0-BE6C-4AED-A3D3-722ECA172841}.Release|Any CPU.Build.0 = Release|Any CPU
		{92B687D0-BE6C-4AED-A3D3-722ECA172841}.Release|Mixed Platforms.ActiveCfg = Release|Any CPU
		{92B687D0-BE6C-4AED-A3D3-722ECA172841}.Release|Mixed Platforms.Build.0 = Release|Any CPU
		{92B687D0-BE6C-4AED-A3D3-722ECA172841}.Release|x86.ActiveCfg = Release|Any CPU
		{4A0D89FF-CD8B-41FF-90E3-4075369BCA70}.Debug|Any CPU.ActiveCfg = Debug|Any CPU
		{4A0D89FF-CD8B-41FF-90E3-4075369BCA70}.Debug|Any CPU.Build.0 = Debug|Any CPU
		{4A0D89FF-CD8B-41FF-90E3-4075369BCA70}.Debug|Mixed Platforms.ActiveCfg = Debug|Any CPU
		{4A0D89FF-CD8B-41FF-90E3-4075369BCA70}.Debug|Mixed Platforms.Build.0 = Debug|Any CPU
		{4A0D89FF-CD8B-41FF-90E3-4075369BCA70}.Debug|x86.ActiveCfg = Debug|Any CPU
		{4A0D89FF-CD8B-41FF-90E3-4075369BCA70}.Release|Any CPU.ActiveCfg = Release|Any CPU
		{4A0D89FF-CD8B-41FF-90E3-4075369BCA70}.Release|Any CPU.Build.0 = Release|Any CPU
		{4A0D89FF-CD8B-41FF-90E3-4075369BCA70}.Release|Mixed Platforms.ActiveCfg = Release|Any CPU
		{4A0D89FF-CD8B-41FF-90E3-4075369BCA70}.Release|Mixed Platforms.Build.0 = Release|Any CPU
		{4A0D89FF-CD8B-41FF-90E3-4075369BCA70}.Release|x86.ActiveCfg = Release|Any CPU
		{6B4FC8B7-4369-4B8D-9D91-1014058B30DF}.Debug|Any CPU.ActiveCfg = Debug|Any CPU
		{6B4FC8B7-4369-4B8D-9D91-1014058B30DF}.Debug|Any CPU.Build.0 = Debug|Any CPU
		{6B4FC8B7-4369-4B8D-9D91-1014058B30DF}.Debug|Mixed Platforms.ActiveCfg = Debug|Any CPU
		{6B4FC8B7-4369-4B8D-9D91-1014058B30DF}.Debug|Mixed Platforms.Build.0 = Debug|Any CPU
		{6B4FC8B7-4369-4B8D-9D91-1014058B30DF}.Debug|x86.ActiveCfg = Debug|Any CPU
		{6B4FC8B7-4369-4B8D-9D91-1014058B30DF}.Release|Any CPU.ActiveCfg = Release|Any CPU
		{6B4FC8B7-4369-4B8D-9D91-1014058B30DF}.Release|Any CPU.Build.0 = Release|Any CPU
		{6B4FC8B7-4369-4B8D-9D91-1014058B30DF}.Release|Mixed Platforms.ActiveCfg = Release|Any CPU
		{6B4FC8B7-4369-4B8D-9D91-1014058B30DF}.Release|Mixed Platforms.Build.0 = Release|Any CPU
		{6B4FC8B7-4369-4B8D-9D91-1014058B30DF}.Release|x86.ActiveCfg = Release|Any CPU
		{5F12D93A-7C84-400E-9D2B-84D1D7D2C5C4}.Debug|Any CPU.ActiveCfg = Debug|Any CPU
		{5F12D93A-7C84-400E-9D2B-84D1D7D2C5C4}.Debug|Any CPU.Build.0 = Debug|Any CPU
		{5F12D93A-7C84-400E-9D2B-84D1D7D2C5C4}.Debug|Mixed Platforms.ActiveCfg = Debug|Any CPU
		{5F12D93A-7C84-400E-9D2B-84D1D7D2C5C4}.Debug|Mixed Platforms.Build.0 = Debug|Any CPU
		{5F12D93A-7C84-400E-9D2B-84D1D7D2C5C4}.Debug|x86.ActiveCfg = Debug|Any CPU
		{5F12D93A-7C84-400E-9D2B-84D1D7D2C5C4}.Release|Any CPU.ActiveCfg = Release|Any CPU
		{5F12D93A-7C84-400E-9D2B-84D1D7D2C5C4}.Release|Any CPU.Build.0 = Release|Any CPU
		{5F12D93A-7C84-400E-9D2B-84D1D7D2C5C4}.Release|Mixed Platforms.ActiveCfg = Release|Any CPU
		{5F12D93A-7C84-400E-9D2B-84D1D7D2C5C4}.Release|Mixed Platforms.Build.0 = Release|Any CPU
		{5F12D93A-7C84-400E-9D2B-84D1D7D2C5C4}.Release|x86.ActiveCfg = Release|Any CPU
		{6860338C-ED9C-48BD-A9A6-AAA5EC6D0566}.Debug|Any CPU.ActiveCfg = Debug|Any CPU
		{6860338C-ED9C-48BD-A9A6-AAA5EC6D0566}.Debug|Any CPU.Build.0 = Debug|Any CPU
		{6860338C-ED9C-48BD-A9A6-AAA5EC6D0566}.Debug|Mixed Platforms.ActiveCfg = Debug|Any CPU
		{6860338C-ED9C-48BD-A9A6-AAA5EC6D0566}.Debug|Mixed Platforms.Build.0 = Debug|Any CPU
		{6860338C-ED9C-48BD-A9A6-AAA5EC6D0566}.Debug|x86.ActiveCfg = Debug|Any CPU
		{6860338C-ED9C-48BD-A9A6-AAA5EC6D0566}.Release|Any CPU.ActiveCfg = Release|Any CPU
		{6860338C-ED9C-48BD-A9A6-AAA5EC6D0566}.Release|Any CPU.Build.0 = Release|Any CPU
		{6860338C-ED9C-48BD-A9A6-AAA5EC6D0566}.Release|Mixed Platforms.ActiveCfg = Release|Any CPU
		{6860338C-ED9C-48BD-A9A6-AAA5EC6D0566}.Release|Mixed Platforms.Build.0 = Release|Any CPU
		{6860338C-ED9C-48BD-A9A6-AAA5EC6D0566}.Release|x86.ActiveCfg = Release|Any CPU
		{CA8B2B03-3F4A-41D4-A455-D55B518BE2FC}.Debug|Any CPU.ActiveCfg = Debug|Any CPU
		{CA8B2B03-3F4A-41D4-A455-D55B518BE2FC}.Debug|Any CPU.Build.0 = Debug|Any CPU
		{CA8B2B03-3F4A-41D4-A455-D55B518BE2FC}.Debug|Mixed Platforms.ActiveCfg = Debug|Any CPU
		{CA8B2B03-3F4A-41D4-A455-D55B518BE2FC}.Debug|Mixed Platforms.Build.0 = Debug|Any CPU
		{CA8B2B03-3F4A-41D4-A455-D55B518BE2FC}.Debug|x86.ActiveCfg = Debug|Any CPU
		{CA8B2B03-3F4A-41D4-A455-D55B518BE2FC}.Release|Any CPU.ActiveCfg = Release|Any CPU
		{CA8B2B03-3F4A-41D4-A455-D55B518BE2FC}.Release|Any CPU.Build.0 = Release|Any CPU
		{CA8B2B03-3F4A-41D4-A455-D55B518BE2FC}.Release|Mixed Platforms.ActiveCfg = Release|Any CPU
		{CA8B2B03-3F4A-41D4-A455-D55B518BE2FC}.Release|Mixed Platforms.Build.0 = Release|Any CPU
		{CA8B2B03-3F4A-41D4-A455-D55B518BE2FC}.Release|x86.ActiveCfg = Release|Any CPU
		{DB6C8E1D-924F-423B-A685-FB441A5A9C55}.Debug|Any CPU.ActiveCfg = Debug|Any CPU
		{DB6C8E1D-924F-423B-A685-FB441A5A9C55}.Debug|Any CPU.Build.0 = Debug|Any CPU
		{DB6C8E1D-924F-423B-A685-FB441A5A9C55}.Debug|Mixed Platforms.ActiveCfg = Debug|Any CPU
		{DB6C8E1D-924F-423B-A685-FB441A5A9C55}.Debug|Mixed Platforms.Build.0 = Debug|Any CPU
		{DB6C8E1D-924F-423B-A685-FB441A5A9C55}.Debug|x86.ActiveCfg = Debug|Any CPU
		{DB6C8E1D-924F-423B-A685-FB441A5A9C55}.Release|Any CPU.ActiveCfg = Release|Any CPU
		{DB6C8E1D-924F-423B-A685-FB441A5A9C55}.Release|Any CPU.Build.0 = Release|Any CPU
		{DB6C8E1D-924F-423B-A685-FB441A5A9C55}.Release|Mixed Platforms.ActiveCfg = Release|Any CPU
		{DB6C8E1D-924F-423B-A685-FB441A5A9C55}.Release|Mixed Platforms.Build.0 = Release|Any CPU
		{DB6C8E1D-924F-423B-A685-FB441A5A9C55}.Release|x86.ActiveCfg = Release|Any CPU
		{874F2D98-4BCB-4DDC-8665-6C934AC3E07D}.Debug|Any CPU.ActiveCfg = Debug|Any CPU
		{874F2D98-4BCB-4DDC-8665-6C934AC3E07D}.Debug|Any CPU.Build.0 = Debug|Any CPU
		{874F2D98-4BCB-4DDC-8665-6C934AC3E07D}.Debug|Mixed Platforms.ActiveCfg = Debug|Any CPU
		{874F2D98-4BCB-4DDC-8665-6C934AC3E07D}.Debug|Mixed Platforms.Build.0 = Debug|Any CPU
		{874F2D98-4BCB-4DDC-8665-6C934AC3E07D}.Debug|x86.ActiveCfg = Debug|Any CPU
		{874F2D98-4BCB-4DDC-8665-6C934AC3E07D}.Release|Any CPU.ActiveCfg = Release|Any CPU
		{874F2D98-4BCB-4DDC-8665-6C934AC3E07D}.Release|Any CPU.Build.0 = Release|Any CPU
		{874F2D98-4BCB-4DDC-8665-6C934AC3E07D}.Release|Mixed Platforms.ActiveCfg = Release|Any CPU
		{874F2D98-4BCB-4DDC-8665-6C934AC3E07D}.Release|Mixed Platforms.Build.0 = Release|Any CPU
		{874F2D98-4BCB-4DDC-8665-6C934AC3E07D}.Release|x86.ActiveCfg = Release|Any CPU
	EndGlobalSection
	GlobalSection(SolutionProperties) = preSolution
		HideSolutionNode = FALSE
	EndGlobalSection
	GlobalSection(NestedProjects) = preSolution
		{8F328528-C485-4823-A7CE-2A69D11CBFF8} = {1BB132FC-7EFB-4FB7-B871-48D662FB1BE6}
		{9319368B-4926-4FCB-9A6F-C260F3825187} = {1BB132FC-7EFB-4FB7-B871-48D662FB1BE6}
		{B77A4ED7-B462-4867-9D7F-895E7550BA95} = {F217122F-476A-421C-B0F2-C040826F5311}
		{D434F608-EBF4-4A89-8041-7BD04B9EDA00} = {F217122F-476A-421C-B0F2-C040826F5311}
		{547C8057-1C65-4E9E-A4CC-B936B25981A9} = {F217122F-476A-421C-B0F2-C040826F5311}
		{83D5383C-6964-4554-A4DD-FC77D6D0018B} = {F217122F-476A-421C-B0F2-C040826F5311}
		{4063C4D4-A6C1-495E-83BF-0FD18E73F5E2} = {F217122F-476A-421C-B0F2-C040826F5311}
		{96CC9BAB-4CC6-4521-8295-18B8C775BFDA} = {F217122F-476A-421C-B0F2-C040826F5311}
		{DB49C644-93F1-4BF7-8973-BC8AA9302E58} = {F217122F-476A-421C-B0F2-C040826F5311}
		{FCDE55FD-8255-4F33-9011-D59630629FFB} = {F217122F-476A-421C-B0F2-C040826F5311}
		{D8B245C4-1D16-4ED0-BC56-5A98B8E72AA7} = {F217122F-476A-421C-B0F2-C040826F5311}
		{FDFAE95E-CD97-4F05-B42E-D2C83A131F1E} = {9319368B-4926-4FCB-9A6F-C260F3825187}
		{3C4FF9E5-7822-406A-B45E-4E7BFE4214F2} = {FDFAE95E-CD97-4F05-B42E-D2C83A131F1E}
		{FCC8FD48-5528-4B34-B4CC-3041963789F0} = {534FCEBA-32CD-4F3D-9860-EA565888363F}
		{61FECF6C-2FD3-4066-91AB-C24E09C17FAB} = {534FCEBA-32CD-4F3D-9860-EA565888363F}
		{F46CCE5C-2D72-450B-9C40-E11A18720E61} = {534FCEBA-32CD-4F3D-9860-EA565888363F}
		{5F380922-81DD-432B-9460-078D8550DAA2} = {B77A4ED7-B462-4867-9D7F-895E7550BA95}
		{6971BCA6-CC26-40E4-8567-6DB12F150B47} = {B77A4ED7-B462-4867-9D7F-895E7550BA95}
		{44452DA9-E7AD-48BB-8DCD-C72C0C6AA30F} = {B77A4ED7-B462-4867-9D7F-895E7550BA95}
		{B0A6C900-73B6-429A-AF90-CC2EF93A9122} = {B77A4ED7-B462-4867-9D7F-895E7550BA95}
		{CFCA05F0-2EE7-4578-B91E-DD064021C09E} = {B77A4ED7-B462-4867-9D7F-895E7550BA95}
		{54EFDDDF-D5C2-4989-B3C5-1E29EB8E329D} = {D434F608-EBF4-4A89-8041-7BD04B9EDA00}
		{AB851B0F-0DFB-441F-B680-F60C4666229A} = {D434F608-EBF4-4A89-8041-7BD04B9EDA00}
		{134402C3-35EF-4C6B-B5D8-A5677331DA41} = {D434F608-EBF4-4A89-8041-7BD04B9EDA00}
		{4A0D89FF-CD8B-41FF-90E3-4075369BCA70} = {83D5383C-6964-4554-A4DD-FC77D6D0018B}
		{6B4FC8B7-4369-4B8D-9D91-1014058B30DF} = {83D5383C-6964-4554-A4DD-FC77D6D0018B}
		{0EA85C96-3F6B-4F3D-A1A2-B60819F3AACB} = {83D5383C-6964-4554-A4DD-FC77D6D0018B}
		{61F96DE7-D15E-4FD2-B3BA-83AA2B7950BC} = {4063C4D4-A6C1-495E-83BF-0FD18E73F5E2}
		{5506F5B5-D34F-4585-A1F8-D9620325E834} = {4063C4D4-A6C1-495E-83BF-0FD18E73F5E2}
		{4A25FA6B-7AD5-4362-8E33-9154FC848698} = {4063C4D4-A6C1-495E-83BF-0FD18E73F5E2}
		{92B687D0-BE6C-4AED-A3D3-722ECA172841} = {4063C4D4-A6C1-495E-83BF-0FD18E73F5E2}
		{8FD020E3-5E1F-4AA4-9E79-196A120396C2} = {FCC8FD48-5528-4B34-B4CC-3041963789F0}
		{10D2E9D9-B617-4612-B78B-182510BD0F49} = {FCC8FD48-5528-4B34-B4CC-3041963789F0}
		{8FB9707D-8797-482B-A6DC-FE5D964EC555} = {FCC8FD48-5528-4B34-B4CC-3041963789F0}
		{36A17A1C-4C9D-485A-834E-2004D9EDD384} = {FCC8FD48-5528-4B34-B4CC-3041963789F0}
		{4545372E-FAFA-426F-8427-AB10F6115D1F} = {FCC8FD48-5528-4B34-B4CC-3041963789F0}
		{E34649CC-CD31-46DA-A018-7829E53E6CBC} = {FCC8FD48-5528-4B34-B4CC-3041963789F0}
		{EB58314A-FC1A-4F1B-86EF-84E763F3D1CF} = {FCC8FD48-5528-4B34-B4CC-3041963789F0}
		{FB4B1A38-7936-418D-844E-8D094E947DA0} = {FCC8FD48-5528-4B34-B4CC-3041963789F0}
		{C314738E-78D6-442C-8A6B-8574803E73EB} = {FCC8FD48-5528-4B34-B4CC-3041963789F0}
		{CA8B2B03-3F4A-41D4-A455-D55B518BE2FC} = {FCC8FD48-5528-4B34-B4CC-3041963789F0}
		{DB6C8E1D-924F-423B-A685-FB441A5A9C55} = {FCC8FD48-5528-4B34-B4CC-3041963789F0}
		{874F2D98-4BCB-4DDC-8665-6C934AC3E07D} = {FCC8FD48-5528-4B34-B4CC-3041963789F0}
		{9FADEAF4-58B3-4C7B-A845-749EAAAC1855} = {FCDE55FD-8255-4F33-9011-D59630629FFB}
		{DFD423E8-17E5-484E-9F85-8AC078FBB2DE} = {FCDE55FD-8255-4F33-9011-D59630629FFB}
		{F67DF114-7BCE-41B2-BF87-CDB4180CEEA2} = {D8B245C4-1D16-4ED0-BC56-5A98B8E72AA7}
		{8BC24945-2E0B-4788-9420-1A52E406C731} = {D8B245C4-1D16-4ED0-BC56-5A98B8E72AA7}
		{4233DAE2-1785-4806-A91F-8FF0C772568D} = {3C4FF9E5-7822-406A-B45E-4E7BFE4214F2}
		{13CB7D6C-50D7-4B6F-BE6C-02BD2B6D11AC} = {3C4FF9E5-7822-406A-B45E-4E7BFE4214F2}
		{0B8494DA-0D4B-4B05-B373-33986EDB7731} = {61FECF6C-2FD3-4066-91AB-C24E09C17FAB}
		{5F12D93A-7C84-400E-9D2B-84D1D7D2C5C4} = {F46CCE5C-2D72-450B-9C40-E11A18720E61}
		{6860338C-ED9C-48BD-A9A6-AAA5EC6D0566} = {F46CCE5C-2D72-450B-9C40-E11A18720E61}
	EndGlobalSection
EndGlobal
